
Microsoft Visual Studio Solution File, Format Version 12.00
# Visual Studio Version 17
VisualStudioVersion = 17.13.35919.96 d17.13
MinimumVisualStudioVersion = 10.0.40219.1
Project("{FAE04EC0-301F-11D3-BF4B-00C04F79EFBC}") = "03_Homework", "03_Homework\03_Homework.csproj", "{9623BC5D-E4E6-42F7-ACFA-7CA06C5A2ADE}"
EndProject
Project("{FAE04EC0-301F-11D3-BF4B-00C04F79EFBC}") = "Server", "Server\Server.csproj", "{AFC7105E-E46F-4B6B-B479-FF5A417CC671}"
EndProject
Global
	GlobalSection(SolutionConfigurationPlatforms) = preSolution
		Debug|Any CPU = Debug|Any CPU
		Release|Any CPU = Release|Any CPU
	EndGlobalSection
	GlobalSection(ProjectConfigurationPlatforms) = postSolution
		{9623BC5D-E4E6-42F7-ACFA-7CA06C5A2ADE}.Debug|Any CPU.ActiveCfg = Debug|Any CPU
		{9623BC5D-E4E6-42F7-ACFA-7CA06C5A2ADE}.Debug|Any CPU.Build.0 = Debug|Any CPU
		{9623BC5D-E4E6-42F7-ACFA-7CA06C5A2ADE}.Release|Any CPU.ActiveCfg = Release|Any CPU
		{9623BC5D-E4E6-42F7-ACFA-7CA06C5A2ADE}.Release|Any CPU.Build.0 = Release|Any CPU
		{AFC7105E-E46F-4B6B-B479-FF5A417CC671}.Debug|Any CPU.ActiveCfg = Debug|Any CPU
		{AFC7105E-E46F-4B6B-B479-FF5A417CC671}.Debug|Any CPU.Build.0 = Debug|Any CPU
		{AFC7105E-E46F-4B6B-B479-FF5A417CC671}.Release|Any CPU.ActiveCfg = Release|Any CPU
		{AFC7105E-E46F-4B6B-B479-FF5A417CC671}.Release|Any CPU.Build.0 = Release|Any CPU
	EndGlobalSection
	GlobalSection(SolutionProperties) = preSolution
		HideSolutionNode = FALSE
	EndGlobalSection
	GlobalSection(ExtensibilityGlobals) = postSolution
		SolutionGuid = {BE7D759B-7AC7-4DED-9AC7-340E642B517E}
	EndGlobalSection
EndGlobal
