
Microsoft Visual Studio Solution File, Format Version 12.00
# Visual Studio Version 17
VisualStudioVersion = 17.13.35931.197 d17.13
MinimumVisualStudioVersion = 10.0.40219.1
Project("{FAE04EC0-301F-11D3-BF4B-00C04F79EFBC}") = "07_MailKit_Imap", "07_MailKit_Imap\07_MailKit_Imap.csproj", "{32FE21D2-EF4D-4D99-9EAF-C50D99B4DF4D}"
EndProject
Global
	GlobalSection(SolutionConfigurationPlatforms) = preSolution
		Debug|Any CPU = Debug|Any CPU
		Release|Any CPU = Release|Any CPU
	EndGlobalSection
	GlobalSection(ProjectConfigurationPlatforms) = postSolution
		{32FE21D2-EF4D-4D99-9EAF-C50D99B4DF4D}.Debug|Any CPU.ActiveCfg = Debug|Any CPU
		{32FE21D2-EF4D-4D99-9EAF-C50D99B4DF4D}.Debug|Any CPU.Build.0 = Debug|Any CPU
		{32FE21D2-EF4D-4D99-9EAF-C50D99B4DF4D}.Release|Any CPU.ActiveCfg = Release|Any CPU
		{32FE21D2-EF4D-4D99-9EAF-C50D99B4DF4D}.Release|Any CPU.Build.0 = Release|Any CPU
	EndGlobalSection
	GlobalSection(SolutionProperties) = preSolution
		HideSolutionNode = FALSE
	EndGlobalSection
	GlobalSection(ExtensibilityGlobals) = postSolution
		SolutionGuid = {16E1943D-9594-4F76-88EB-D1D1D1F7F0C4}
	EndGlobalSection
EndGlobal
